
Microsoft Visual Studio Solution File, Format Version 12.00
# Visual Studio Version 17
VisualStudioVersion = 17.11.35312.102
MinimumVisualStudioVersion = 10.0.40219.1
Project("{FAE04EC0-301F-11D3-BF4B-00C04F79EFBC}") = "Lab1", "Lab1\Lab1.csproj", "{63D2EC5C-8922-4B2F-8A4B-F2AD5B183E28}"
EndProject
Global
	GlobalSection(SolutionConfigurationPlatforms) = preSolution
		Debug|Any CPU = Debug|Any CPU
		Release|Any CPU = Release|Any CPU
	EndGlobalSection
	GlobalSection(ProjectConfigurationPlatforms) = postSolution
		{63D2EC5C-8922-4B2F-8A4B-F2AD5B183E28}.Debug|Any CPU.ActiveCfg = Debug|Any CPU
		{63D2EC5C-8922-4B2F-8A4B-F2AD5B183E28}.Debug|Any CPU.Build.0 = Debug|Any CPU
		{63D2EC5C-8922-4B2F-8A4B-F2AD5B183E28}.Release|Any CPU.ActiveCfg = Release|Any CPU
		{63D2EC5C-8922-4B2F-8A4B-F2AD5B183E28}.Release|Any CPU.Build.0 = Release|Any CPU
	EndGlobalSection
	GlobalSection(SolutionProperties) = preSolution
		HideSolutionNode = FALSE
	EndGlobalSection
	GlobalSection(ExtensibilityGlobals) = postSolution
		SolutionGuid = {040ED92F-3D43-49C1-8C7A-27A05259770D}
	EndGlobalSection
EndGlobal
